
Microsoft Visual Studio Solution File, Format Version 12.00
# Visual Studio Version 16
VisualStudioVersion = 16.0.30002.166
MinimumVisualStudioVersion = 10.0.40219.1
Project("{FAE04EC0-301F-11D3-BF4B-00C04F79EFBC}") = "PaymentContract", "PaymentContract\PaymentContract.csproj", "{238A9E81-9271-4D0F-A2E1-081957FDE61D}"
EndProject
Global
	GlobalSection(SolutionConfigurationPlatforms) = preSolution
		Debug|Any CPU = Debug|Any CPU
		Release|Any CPU = Release|Any CPU
	EndGlobalSection
	GlobalSection(ProjectConfigurationPlatforms) = postSolution
		{238A9E81-9271-4D0F-A2E1-081957FDE61D}.Debug|Any CPU.ActiveCfg = Debug|Any CPU
		{238A9E81-9271-4D0F-A2E1-081957FDE61D}.Debug|Any CPU.Build.0 = Debug|Any CPU
		{238A9E81-9271-4D0F-A2E1-081957FDE61D}.Release|Any CPU.ActiveCfg = Release|Any CPU
		{238A9E81-9271-4D0F-A2E1-081957FDE61D}.Release|Any CPU.Build.0 = Release|Any CPU
	EndGlobalSection
	GlobalSection(SolutionProperties) = preSolution
		HideSolutionNode = FALSE
	EndGlobalSection
	GlobalSection(ExtensibilityGlobals) = postSolution
		SolutionGuid = {6225AA45-23EC-43E7-A616-E83A0471C70A}
	EndGlobalSection
EndGlobal
